{
  "object": {
    "pins": [
      {
        "package": "Yaml",
        "repositoryURL": "https://github.com/behrang/YamlSwift.git",
        "state": {
          "branch": null,
          "revision": "7e2c819e6c8db403b79b9d396aa6a8e637f243b5",
          "version": "3.4.2"
        }
      }
    ]
  },
  "version": 1
}
